
Microsoft Visual Studio Solution File, Format Version 12.00
# Visual Studio Version 16
VisualStudioVersion = 16.0.30517.126
MinimumVisualStudioVersion = 10.0.40219.1
Project("{FAE04EC0-301F-11D3-BF4B-00C04F79EFBC}") = "Racheta_Boldea_Gabriel", "Racheta_Boldea_Gabriel\Racheta_Boldea_Gabriel.csproj", "{10080E3D-EAAE-42E4-8A0F-980CD4822E0B}"
EndProject
Global
	GlobalSection(SolutionConfigurationPlatforms) = preSolution
		Debug|Any CPU = Debug|Any CPU
		Release|Any CPU = Release|Any CPU
	EndGlobalSection
	GlobalSection(ProjectConfigurationPlatforms) = postSolution
		{10080E3D-EAAE-42E4-8A0F-980CD4822E0B}.Debug|Any CPU.ActiveCfg = Debug|Any CPU
		{10080E3D-EAAE-42E4-8A0F-980CD4822E0B}.Debug|Any CPU.Build.0 = Debug|Any CPU
		{10080E3D-EAAE-42E4-8A0F-980CD4822E0B}.Release|Any CPU.ActiveCfg = Release|Any CPU
		{10080E3D-EAAE-42E4-8A0F-980CD4822E0B}.Release|Any CPU.Build.0 = Release|Any CPU
	EndGlobalSection
	GlobalSection(SolutionProperties) = preSolution
		HideSolutionNode = FALSE
	EndGlobalSection
	GlobalSection(ExtensibilityGlobals) = postSolution
		SolutionGuid = {3C90DB34-4BAD-4E29-BBEC-8652EE6A22DD}
	EndGlobalSection
EndGlobal
